
Microsoft Visual Studio Solution File, Format Version 12.00
# Visual Studio Version 17
VisualStudioVersion = 17.1.31903.286
MinimumVisualStudioVersion = 10.0.40219.1
Project("{9A19103F-16F7-4668-BE54-9A1E7A4F7556}") = "Common", "Common\Common.csproj", "{5604660F-AB17-4FF7-9EE6-841152C803D6}"
EndProject
Project("{9A19103F-16F7-4668-BE54-9A1E7A4F7556}") = "Saga", "Saga\Saga.csproj", "{61E9F20F-82E1-429B-B174-40E2784828E3}"
EndProject
Global
	GlobalSection(SolutionConfigurationPlatforms) = preSolution
		Debug|Any CPU = Debug|Any CPU
		Release|Any CPU = Release|Any CPU
	EndGlobalSection
	GlobalSection(ProjectConfigurationPlatforms) = postSolution
		{5604660F-AB17-4FF7-9EE6-841152C803D6}.Debug|Any CPU.ActiveCfg = Debug|Any CPU
		{5604660F-AB17-4FF7-9EE6-841152C803D6}.Debug|Any CPU.Build.0 = Debug|Any CPU
		{5604660F-AB17-4FF7-9EE6-841152C803D6}.Release|Any CPU.ActiveCfg = Release|Any CPU
		{5604660F-AB17-4FF7-9EE6-841152C803D6}.Release|Any CPU.Build.0 = Release|Any CPU
		{61E9F20F-82E1-429B-B174-40E2784828E3}.Debug|Any CPU.ActiveCfg = Debug|Any CPU
		{61E9F20F-82E1-429B-B174-40E2784828E3}.Debug|Any CPU.Build.0 = Debug|Any CPU
		{61E9F20F-82E1-429B-B174-40E2784828E3}.Release|Any CPU.ActiveCfg = Release|Any CPU
		{61E9F20F-82E1-429B-B174-40E2784828E3}.Release|Any CPU.Build.0 = Release|Any CPU
	EndGlobalSection
	GlobalSection(SolutionProperties) = preSolution
		HideSolutionNode = FALSE
	EndGlobalSection
	GlobalSection(ExtensibilityGlobals) = postSolution
		SolutionGuid = {D10E99F4-B40D-4029-982B-F2D523396F9D}
	EndGlobalSection
EndGlobal
